#MicroXplorer Configuration settings - do not modify
Mcu.Family=STM32F0
SH.GPXTI1.0=GPIO_EXTI1
ProjectManager.MainLocation=Core/Src
RCC.MCOFreq_Value=48000000
PB13.GPIOParameters=GPIO_Speed,PinState,GPIO_PuPd,GPIO_Label
I2C2.IPParameters=Timing
RCC.USART1Freq_Value=8000000
ProjectManager.KeepUserCode=true
Mcu.UserName=STM32F030CCTx
PB10.Mode=I2C
RCC.PLLCLKFreq_Value=48000000
PB14.GPIO_Label=MOTOR2
I2C2.Timing=0x20303E5D
ProjectManager.functionlistsort=1-MX_GPIO_Init-GPIO-false-HAL-true,2-SystemClock_Config-RCC-false-HAL-false,3-MX_ADC_Init-ADC-false-HAL-true,4-MX_I2C2_Init-I2C2-false-HAL-true,5-MX_USART1_UART_Init-USART1-false-HAL-true,6-MX_TIM16_Init-TIM16-false-HAL-true
PA6.GPIO_Label=MOTOR6
NVIC.SVC_IRQn=true\:0\:0\:false\:false\:true\:false\:false
USART1.IPParameters=VirtualMode-Asynchronous
PB13.GPIO_Label=MOTOR1
PB11.Signal=I2C2_SDA
PB13.Signal=GPIO_Output
PB15.Signal=GPIO_Output
PA5.PinState=GPIO_PIN_RESET
PB15.PinState=GPIO_PIN_RESET
PinOutPanel.RotationAngle=0
RCC.SYSCLKSource=RCC_SYSCLKSOURCE_PLLCLK
ProjectManager.StackSize=0x400
PB11.GPIO_Speed=GPIO_SPEED_FREQ_HIGH
Mcu.IP4=SYS
RCC.FCLKCortexFreq_Value=48000000
Mcu.IP5=TIM16
Mcu.IP2=NVIC
Mcu.IP3=RCC
Mcu.IP0=ADC
Mcu.IP1=I2C2
Mcu.UserConstants=
PA7.PinState=GPIO_PIN_RESET
Mcu.ThirdPartyNb=0
RCC.HCLKFreq_Value=48000000
Mcu.IPNb=7
ProjectManager.PreviousToolchain=
PB12.PinState=GPIO_PIN_RESET
Mcu.Pin6=PA7
Mcu.Pin7=PB0
Mcu.Pin8=PB10
Mcu.Pin9=PB11
RCC.AHBFreq_Value=48000000
PB13.Locked=true
Mcu.Pin0=PA0
Mcu.Pin1=PA1
GPIO.groupedBy=Group By Peripherals
Mcu.Pin2=PA2
Mcu.Pin3=PA4
Mcu.Pin4=PA5
Mcu.Pin5=PA6
ProjectManager.ProjectBuild=false
PA0.Locked=true
PA4.GPIO_PuPd=GPIO_PULLDOWN
PA4.Locked=true
RCC.Usart1ClockSelection=RCC_USART1CLKSOURCE_HSI
NVIC.SysTick_IRQn=true\:0\:0\:false\:false\:true\:false\:true
RCC.PLLMUL=RCC_PLL_MUL6
PA4.GPIO_Speed=GPIO_SPEED_FREQ_MEDIUM
PB12.GPIO_Label=MOTOR0
ProjectManager.FirmwarePackage=STM32Cube FW_F0 V1.11.3
MxDb.Version=DB.6.0.20
PA6.GPIO_PuPd=GPIO_PULLDOWN
ProjectManager.BackupPrevious=false
PA14.Mode=Serial_Wire
PA5.GPIO_PuPd=GPIO_PULLDOWN
File.Version=6
PB8.Locked=true
NVIC.PendSV_IRQn=true\:0\:0\:false\:false\:true\:false\:false
ProjectManager.HalAssertFull=false
PB0.Locked=true
TIM16.Pulse=1200
ProjectManager.ProjectName=belt_of_the_wayfinder
PA0.Signal=GPXTI0
RCC.PLLMCOFreq_Value=48000000
PB9.Signal=GPIO_Output
Mcu.Package=LQFP48
PB14.GPIO_PuPd=GPIO_PULLDOWN
PA6.Signal=GPIO_Output
PA7.Locked=true
PA5.Locked=true
PB15.GPIO_PuPd=GPIO_PULLDOWN
SH.GPXTI8.0=GPIO_EXTI8
ProjectManager.ToolChainLocation=
SH.GPXTI0.0=GPIO_EXTI0
VP_SYS_VS_Systick.Signal=SYS_VS_Systick
SH.GPXTI8.ConfNb=1
PA10.Signal=USART1_RX
PB9.GPIO_PuPd=GPIO_PULLDOWN
PA5.GPIOParameters=GPIO_Speed,PinState,GPIO_PuPd,GPIO_Label
PB14.GPIOParameters=GPIO_Speed,PinState,GPIO_PuPd,GPIO_Label
RCC.APB1TimFreq_Value=48000000
TIM16.Prescaler=1-1
PA6.GPIO_Speed=GPIO_SPEED_FREQ_MEDIUM
PB11.GPIO_Mode=GPIO_MODE_AF_OD
PA4.GPIO_Label=MOTOR4
ProjectManager.CustomerFirmwarePackage=
NVIC.EXTI4_15_IRQn=true\:0\:0\:false\:false\:true\:true\:true
PB15.Locked=true
PA2.Locked=true
PA6.GPIOParameters=GPIO_Speed,PinState,GPIO_PuPd,GPIO_Label
ProjectManager.ProjectFileName=belt_of_the_wayfinder.ioc
PB9.GPIO_Label=SHDN
PA10.Mode=Asynchronous
Mcu.PinsNb=23
ProjectManager.NoMain=false
PB11.GPIO_PuPdOD=GPIO_PULLUP
SH.GPXTI0.ConfNb=1
ProjectManager.DefaultFWLocation=true
PA6.PinState=GPIO_PIN_RESET
VP_TIM16_VS_ClockSourceINT.Mode=Enable_Timer
NVIC.TIM16_IRQn=true\:0\:0\:false\:false\:true\:true\:true
PB12.Locked=true
ProjectManager.DeletePrevious=true
PB14.Locked=true
PB10.Locked=true
TIM16.Channel=TIM_CHANNEL_1
RCC.FamilyName=M
PB9.GPIOParameters=GPIO_PuPd,GPIO_Label
USART1.VirtualMode-Asynchronous=VM_ASYNC
PA13.Signal=SYS_SWDIO
PA9.Mode=Asynchronous
PB14.PinState=GPIO_PIN_RESET
PA4.PinState=GPIO_PIN_RESET
PB11.Mode=I2C
ProjectManager.TargetToolchain=STM32CubeIDE
PB14.GPIO_Speed=GPIO_SPEED_FREQ_MEDIUM
PA9.Signal=USART1_TX
PB13.GPIO_Speed=GPIO_SPEED_FREQ_MEDIUM
PB11.GPIOParameters=GPIO_Speed,GPIO_PuPdOD,GPIO_Mode
PB9.Locked=true
ProjectManager.RegisterCallBack=
PA7.GPIO_PuPd=GPIO_PULLDOWN
PA1.Signal=GPXTI1
PB12.GPIO_Speed=GPIO_SPEED_FREQ_MEDIUM
PB10.Signal=I2C2_SCL
PB14.Signal=GPIO_Output
PA5.Signal=GPIO_Output
board=custom
VP_TIM16_VS_no_output1.Signal=TIM16_VS_no_output1
ProjectManager.LastFirmware=true
PA7.GPIO_Speed=GPIO_SPEED_FREQ_MEDIUM
PB13.GPIO_PuPd=GPIO_PULLDOWN
RCC.VCOOutput2Freq_Value=8000000
TIM16.Period=2400-1
PB13.PinState=GPIO_PIN_RESET
VP_TIM16_VS_no_output1.Mode=Output Compare1 No Output
MxCube.Version=6.2.0
PB15.GPIO_Label=MOTOR3
PB15.GPIO_Speed=GPIO_SPEED_FREQ_MEDIUM
VP_SYS_VS_Systick.Mode=SysTick
PA9.Locked=true
VP_TIM16_VS_ClockSourceINT.Signal=TIM16_VS_ClockSourceINT
NVIC.NonMaskableInt_IRQn=true\:0\:0\:false\:false\:true\:false\:false
PA4.GPIOParameters=GPIO_Speed,PinState,GPIO_PuPd,GPIO_Label
PB15.GPIOParameters=GPIO_Speed,PinState,GPIO_PuPd,GPIO_Label
PA13.Mode=Serial_Wire
ProjectManager.FreePins=false
RCC.IPParameters=AHBFreq_Value,APB1Freq_Value,APB1TimFreq_Value,FCLKCortexFreq_Value,FamilyName,HCLKFreq_Value,MCOFreq_Value,PLLCLKFreq_Value,PLLMCOFreq_Value,PLLMUL,SYSCLKFreq_VALUE,SYSCLKSource,TimSysFreq_Value,USART1Freq_Value,Usart1ClockSelection,VCOOutput2Freq_Value
ProjectManager.AskForMigrate=true
Mcu.Name=STM32F030CCTx
PA2.Signal=ADC_IN2
ProjectManager.UnderRoot=true
Mcu.IP6=USART1
ProjectManager.CoupleFile=true
PA4.Signal=GPIO_Output
RCC.SYSCLKFreq_VALUE=48000000
Mcu.Pin22=VP_TIM16_VS_no_output1
RCC.TimSysFreq_Value=48000000
PA1.Locked=true
PA7.GPIO_Label=MOTOR7
Mcu.Pin20=VP_SYS_VS_Systick
Mcu.Pin21=VP_TIM16_VS_ClockSourceINT
PA5.GPIO_Label=MOTOR5
PA10.Locked=true
NVIC.ForceEnableDMAVector=true
KeepUserPlacement=false
ProjectManager.CompilerOptimize=6
PA14.Signal=SYS_SWCLK
ProjectManager.HeapSize=0x200
Mcu.Pin15=PA10
NVIC.HardFault_IRQn=true\:0\:0\:false\:false\:true\:false\:false
Mcu.Pin16=PA13
Mcu.Pin13=PB15
Mcu.Pin14=PA9
Mcu.Pin19=PB9
ProjectManager.ComputerToolchain=false
Mcu.Pin17=PA14
Mcu.Pin18=PB8
PA5.GPIO_Speed=GPIO_SPEED_FREQ_MEDIUM
Mcu.Pin11=PB13
Mcu.Pin12=PB14
Mcu.Pin10=PB12
PA2.Mode=IN2
PB8.Signal=GPXTI8
TIM16.IPParameters=Period,Channel,Prescaler,Pulse
SH.GPXTI1.ConfNb=1
PB12.GPIO_PuPd=GPIO_PULLDOWN
RCC.APB1Freq_Value=48000000
PB0.Signal=GPIO_Output
PA7.GPIOParameters=GPIO_Speed,PinState,GPIO_PuPd,GPIO_Label
ProjectManager.DeviceId=STM32F030CCTx
PB12.GPIOParameters=GPIO_Speed,PinState,GPIO_PuPd,GPIO_Label
PB12.Signal=GPIO_Output
ProjectManager.LibraryCopy=1
PA7.Signal=GPIO_Output
NVIC.EXTI0_1_IRQn=true\:0\:0\:false\:false\:true\:true\:true
PA6.Locked=true
isbadioc=false
